// !$*UTF8*$!
{
	archiveVersion = 1;
	classes = {
	};
	objectVersion = 77;
	objects = {

/* Begin PBXBuildFile section */
		100000000000000000000001 /* DebugApp.swift in Sources */ = {isa = PBXBuildFile; fileRef = 100000000000000000000002 /* DebugApp.swift */; };
		100000000000000000000020 /* DebugAppUITests.swift in Sources */ = {isa = PBXBuildFile; fileRef = 100000000000000000000022 /* DebugAppUITests.swift */; };
		100000000000000000000021 /* XCTest.framework in Frameworks */ = {isa = PBXBuildFile; fileRef = 100000000000000000000025 /* XCTest.framework */; };
/* End PBXBuildFile section */

/* Begin PBXFileReference section */
		100000000000000000000002 /* DebugApp.swift */ = {isa = PBXFileReference; lastKnownFileType = sourcecode.swift; path = DebugApp.swift; sourceTree = "<group>"; };
		100000000000000000000003 /* DebugApp.app */ = {isa = PBXFileReference; explicitFileType = wrapper.application; includeInIndex = 0; path = DebugApp.app; sourceTree = BUILT_PRODUCTS_DIR; };
		100000000000000000000022 /* DebugAppUITests.swift */ = {isa = PBXFileReference; lastKnownFileType = sourcecode.swift; path = DebugAppUITests.swift; sourceTree = "<group>"; };
		100000000000000000000024 /* DebugAppUITests.xctest */ = {isa = PBXFileReference; explicitFileType = wrapper.cfbundle; includeInIndex = 0; path = DebugAppUITests.xctest; sourceTree = BUILT_PRODUCTS_DIR; };
		100000000000000000000025 /* XCTest.framework */ = {isa = PBXFileReference; lastKnownFileType = wrapper.framework; name = XCTest.framework; path = System/Library/Frameworks/XCTest.framework; sourceTree = SDKROOT; };
/* End PBXFileReference section */

/* Begin PBXFrameworksBuildPhase section */
		100000000000000000000004 /* Frameworks */ = {
			isa = PBXFrameworksBuildPhase;
			buildActionMask = 2147483647;
			files = (
			);
			runOnlyForDeploymentPostprocessing = 0;
		};
		100000000000000000000029 /* UI Tests Frameworks */ = {
			isa = PBXFrameworksBuildPhase;
			buildActionMask = 2147483647;
			files = (
				100000000000000000000021 /* XCTest.framework in Frameworks */,
			);
			runOnlyForDeploymentPostprocessing = 0;
		};
/* End PBXFrameworksBuildPhase section */

/* Begin PBXGroup section */
		100000000000000000000005 = {
			isa = PBXGroup;
			children = (
				100000000000000000000002 /* DebugApp.swift */,
				100000000000000000000022 /* DebugAppUITests.swift */,
			);
			path = "";
			sourceTree = "<group>";
		};
		100000000000000000000006 = {
			isa = PBXGroup;
			children = (
				100000000000000000000005,
				100000000000000000000007 /* Products */,
			);
			sourceTree = "<group>";
		};
		100000000000000000000007 /* Products */ = {
			isa = PBXGroup;
			children = (
				100000000000000000000003 /* DebugApp.app */,
				100000000000000000000024 /* DebugAppUITests.xctest */,
			);
			name = Products;
			sourceTree = "<group>";
		};
/* End PBXGroup section */

/* Begin PBXNativeTarget section */
		100000000000000000000008 /* DebugApp */ = {
			isa = PBXNativeTarget;
			buildConfigurationList = 100000000000000000000009 /* Build configuration list for PBXNativeTarget "DebugApp" */;
			buildPhases = (
				10000000000000000000000A /* Sources */,
				100000000000000000000004 /* Frameworks */,
			);
			buildRules = (
			);
			dependencies = (
			);
			name = DebugApp;
			productName = DebugApp;
			productReference = 100000000000000000000003 /* DebugApp.app */;
			productType = "com.apple.product-type.application";
		};
		100000000000000000000026 /* DebugAppUITests */ = {
			isa = PBXNativeTarget;
			buildConfigurationList = 100000000000000000000027 /* Build configuration list for PBXNativeTarget "DebugAppUITests" */;
			buildPhases = (
				100000000000000000000028 /* UI Tests Sources */,
				100000000000000000000029 /* UI Tests Frameworks */,
			);
			buildRules = (
			);
			dependencies = (
			);
			name = DebugAppUITests;
			productName = DebugAppUITests;
			productReference = 100000000000000000000024 /* DebugAppUITests.xctest */;
			productType = "com.apple.product-type.bundle.ui-testing";
		};
/* End PBXNativeTarget section */

/* Begin PBXProject section */
		10000000000000000000000B /* Project object */ = {
			isa = PBXProject;
			attributes = {
				LastUpgradeCheck = 2660;
				TargetAttributes = {
					100000000000000000000008 = {
						CreatedOnToolsVersion = 26.6;
					};
					100000000000000000000026 = {
						CreatedOnToolsVersion = 26.6;
						TestTargetID = 100000000000000000000008;
					};
				};
			};
			buildConfigurationList = 10000000000000000000000C /* Build configuration list for PBXProject "DebugApp" */;
			compatibilityVersion = "Xcode 3.2";
			developmentRegion = en;
			hasScannedForEncodings = 0;
			knownRegions = (
				en,
				Base,
			);
			mainGroup = 100000000000000000000006;
			productRefGroup = 100000000000000000000007 /* Products */;
			projectDirPath = "";
			projectRoot = "";
			targets = (
				100000000000000000000008 /* DebugApp */,
				100000000000000000000026 /* DebugAppUITests */,
			);
		};
/* End PBXProject section */

/* Begin PBXResourcesBuildPhase section */
		10000000000000000000000D /* Resources */ = {
			isa = PBXResourcesBuildPhase;
			buildActionMask = 2147483647;
			files = (
			);
			runOnlyForDeploymentPostprocessing = 0;
		};
/* End PBXResourcesBuildPhase section */

/* Begin PBXSourcesBuildPhase section */
		10000000000000000000000A /* Sources */ = {
			isa = PBXSourcesBuildPhase;
			buildActionMask = 2147483647;
			files = (
				100000000000000000000001 /* DebugApp.swift in Sources */,
			);
			runOnlyForDeploymentPostprocessing = 0;
		};
		100000000000000000000028 /* UI Tests Sources */ = {
			isa = PBXSourcesBuildPhase;
			buildActionMask = 2147483647;
			files = (
				100000000000000000000020 /* DebugAppUITests.swift in Sources */,
			);
			runOnlyForDeploymentPostprocessing = 0;
		};
/* End PBXSourcesBuildPhase section */

/* Begin XCBuildConfiguration section */
		10000000000000000000000E /* Debug */ = {
			isa = XCBuildConfiguration;
			buildSettings = {
				CODE_SIGNING_ALLOWED = NO;
				CODE_SIGNING_REQUIRED = NO;
				GENERATE_INFOPLIST_FILE = YES;
				INFOPLIST_KEY_CFBundleDisplayName = "Apple Debug Fixture";
				IPHONEOS_DEPLOYMENT_TARGET = 17.0;
				PRODUCT_BUNDLE_IDENTIFIER = com.burakkarahan.AppleDebugFixture;
				PRODUCT_NAME = "$(TARGET_NAME)";
				SDKROOT = iphoneos;
				SWIFT_VERSION = 5.0;
				TARGETED_DEVICE_FAMILY = 1;
			};
			name = Debug;
		};
		10000000000000000000000F /* Release */ = {
			isa = XCBuildConfiguration;
			buildSettings = {
				CODE_SIGNING_ALLOWED = NO;
				CODE_SIGNING_REQUIRED = NO;
				GENERATE_INFOPLIST_FILE = YES;
				INFOPLIST_KEY_CFBundleDisplayName = "Apple Debug Fixture";
				IPHONEOS_DEPLOYMENT_TARGET = 17.0;
				PRODUCT_BUNDLE_IDENTIFIER = com.burakkarahan.AppleDebugFixture;
				PRODUCT_NAME = "$(TARGET_NAME)";
				SDKROOT = iphoneos;
				SWIFT_VERSION = 5.0;
				TARGETED_DEVICE_FAMILY = 1;
			};
			name = Release;
		};
		100000000000000000000010 /* Project Debug */ = {
			isa = XCBuildConfiguration;
			buildSettings = {
				ALWAYS_SEARCH_USER_PATHS = NO;
				CLANG_ENABLE_MODULES = YES;
				CLANG_ENABLE_OBJC_ARC = YES;
				IPHONEOS_DEPLOYMENT_TARGET = 17.0;
				SDKROOT = iphoneos;
				SWIFT_VERSION = 5.0;
			};
			name = Debug;
		};
		100000000000000000000011 /* Project Release */ = {
			isa = XCBuildConfiguration;
			buildSettings = {
				ALWAYS_SEARCH_USER_PATHS = NO;
				CLANG_ENABLE_MODULES = YES;
				CLANG_ENABLE_OBJC_ARC = YES;
				IPHONEOS_DEPLOYMENT_TARGET = 17.0;
				SDKROOT = iphoneos;
				SWIFT_VERSION = 5.0;
			};
			name = Release;
		};
		10000000000000000000002B /* UI Tests Debug */ = {
			isa = XCBuildConfiguration;
			buildSettings = {
				CODE_SIGNING_ALLOWED = NO;
				CODE_SIGNING_REQUIRED = NO;
				GENERATE_INFOPLIST_FILE = YES;
				IPHONEOS_DEPLOYMENT_TARGET = 17.0;
				PRODUCT_BUNDLE_IDENTIFIER = com.burakkarahan.AppleDebugFixtureUITests;
				PRODUCT_NAME = "$(TARGET_NAME)";
				SDKROOT = iphoneos;
				SWIFT_VERSION = 5.0;
				TARGETED_DEVICE_FAMILY = 1;
				TEST_TARGET_NAME = DebugApp;
			};
			name = Debug;
		};
		10000000000000000000002C /* UI Tests Release */ = {
			isa = XCBuildConfiguration;
			buildSettings = {
				CODE_SIGNING_ALLOWED = NO;
				CODE_SIGNING_REQUIRED = NO;
				GENERATE_INFOPLIST_FILE = YES;
				IPHONEOS_DEPLOYMENT_TARGET = 17.0;
				PRODUCT_BUNDLE_IDENTIFIER = com.burakkarahan.AppleDebugFixtureUITests;
				PRODUCT_NAME = "$(TARGET_NAME)";
				SDKROOT = iphoneos;
				SWIFT_VERSION = 5.0;
				TARGETED_DEVICE_FAMILY = 1;
				TEST_TARGET_NAME = DebugApp;
			};
			name = Release;
		};
/* End XCBuildConfiguration section */

/* Begin XCConfigurationList section */
		100000000000000000000009 /* Build configuration list for PBXNativeTarget "DebugApp" */ = {
			isa = XCConfigurationList;
			buildConfigurations = (
				10000000000000000000000E /* Debug */,
				10000000000000000000000F /* Release */,
			);
			defaultConfigurationIsVisible = 0;
			defaultConfigurationName = Release;
		};
		10000000000000000000000C /* Build configuration list for PBXProject "DebugApp" */ = {
			isa = XCConfigurationList;
			buildConfigurations = (
				100000000000000000000010 /* Project Debug */,
				100000000000000000000011 /* Project Release */,
			);
			defaultConfigurationIsVisible = 0;
			defaultConfigurationName = Release;
		};
		100000000000000000000027 /* Build configuration list for PBXNativeTarget "DebugAppUITests" */ = {
			isa = XCConfigurationList;
			buildConfigurations = (
				10000000000000000000002B /* UI Tests Debug */,
				10000000000000000000002C /* UI Tests Release */,
			);
			defaultConfigurationIsVisible = 0;
			defaultConfigurationName = Release;
		};
/* End XCConfigurationList section */
	};
	rootObject = 10000000000000000000000B /* Project object */;
}
